
Microsoft Visual Studio Solution File, Format Version 12.00
# Visual Studio 15
VisualStudioVersion = 15.0.28307.539
MinimumVisualStudioVersion = 10.0.40219.1
Project("{FAE04EC0-301F-11D3-BF4B-00C04F79EFBC}") = "ConsoleShoppingBasket", "ConsoleShoppingBasket\ConsoleShoppingBasket.csproj", "{82C4C6E2-EFDA-4895-AF3A-ED1E6ED9CCF8}"
EndProject
Global
	GlobalSection(SolutionConfigurationPlatforms) = preSolution
		Debug|Any CPU = Debug|Any CPU
		Release|Any CPU = Release|Any CPU
	EndGlobalSection
	GlobalSection(ProjectConfigurationPlatforms) = postSolution
		{82C4C6E2-EFDA-4895-AF3A-ED1E6ED9CCF8}.Debug|Any CPU.ActiveCfg = Debug|Any CPU
		{82C4C6E2-EFDA-4895-AF3A-ED1E6ED9CCF8}.Debug|Any CPU.Build.0 = Debug|Any CPU
		{82C4C6E2-EFDA-4895-AF3A-ED1E6ED9CCF8}.Release|Any CPU.ActiveCfg = Release|Any CPU
		{82C4C6E2-EFDA-4895-AF3A-ED1E6ED9CCF8}.Release|Any CPU.Build.0 = Release|Any CPU
	EndGlobalSection
	GlobalSection(SolutionProperties) = preSolution
		HideSolutionNode = FALSE
	EndGlobalSection
	GlobalSection(ExtensibilityGlobals) = postSolution
		SolutionGuid = {80CBF557-E4FA-4053-8B78-082F96041C4A}
	EndGlobalSection
EndGlobal
